// !$*UTF8*$!
{
	archiveVersion = 1;
	classes = {
	};
	objectVersion = 55;
	objects = {

/* Begin PBXBuildFile section */
		6861B21628180E7400F80E16 /* BannersListViewController.swift in Sources */ = {isa = PBXBuildFile; fileRef = 6861B21528180E7400F80E16 /* BannersListViewController.swift */; };
		6861B218281812B200F80E16 /* BannerListViewCell.swift in Sources */ = {isa = PBXBuildFile; fileRef = 6861B217281812B200F80E16 /* BannerListViewCell.swift */; };
		686FE1B0280A9EBF006B2739 /* ApiResponse.swift in Sources */ = {isa = PBXBuildFile; fileRef = 686FE1AF280A9EBF006B2739 /* ApiResponse.swift */; };
		686FE1B6280ADE20006B2739 /* WebAPI.swift in Sources */ = {isa = PBXBuildFile; fileRef = 686FE1B5280ADE20006B2739 /* WebAPI.swift */; };
		686FE1B8280C276C006B2739 /* HttpMethod.swift in Sources */ = {isa = PBXBuildFile; fileRef = 686FE1B7280C276C006B2739 /* HttpMethod.swift */; };
		686FE1BC280C27EF006B2739 /* BannerJSON.swift in Sources */ = {isa = PBXBuildFile; fileRef = 686FE1BB280C27EF006B2739 /* BannerJSON.swift */; };
		686FE1C2280D8A08006B2739 /* DBsupport.swift in Sources */ = {isa = PBXBuildFile; fileRef = 686FE1C1280D8A08006B2739 /* DBsupport.swift */; };
		686FE1C428102E73006B2739 /* BannerViewCell.swift in Sources */ = {isa = PBXBuildFile; fileRef = 686FE1C328102E73006B2739 /* BannerViewCell.swift */; };
		68C7D2262800493E001292AC /* AppDelegate.swift in Sources */ = {isa = PBXBuildFile; fileRef = 68C7D2252800493E001292AC /* AppDelegate.swift */; };
		68C7D2282800493E001292AC /* SceneDelegate.swift in Sources */ = {isa = PBXBuildFile; fileRef = 68C7D2272800493E001292AC /* SceneDelegate.swift */; };
		68C7D22A2800493E001292AC /* MainViewController.swift in Sources */ = {isa = PBXBuildFile; fileRef = 68C7D2292800493E001292AC /* MainViewController.swift */; };
		68C7D22D2800493E001292AC /* Main.storyboard in Resources */ = {isa = PBXBuildFile; fileRef = 68C7D22B2800493E001292AC /* Main.storyboard */; };
		68C7D2302800493E001292AC /* IvanovIvanTest.xcdatamodeld in Sources */ = {isa = PBXBuildFile; fileRef = 68C7D22E2800493E001292AC /* IvanovIvanTest.xcdatamodeld */; };
		68C7D23228004955001292AC /* Assets.xcassets in Resources */ = {isa = PBXBuildFile; fileRef = 68C7D23128004955001292AC /* Assets.xcassets */; };
		68C7D23528004955001292AC /* LaunchScreen.storyboard in Resources */ = {isa = PBXBuildFile; fileRef = 68C7D23328004955001292AC /* LaunchScreen.storyboard */; };
		68C7D24328004F33001292AC /* ArticleJSON.swift in Sources */ = {isa = PBXBuildFile; fileRef = 68C7D24228004F33001292AC /* ArticleJSON.swift */; };
/* End PBXBuildFile section */

/* Begin PBXFileReference section */
		6861B21528180E7400F80E16 /* BannersListViewController.swift */ = {isa = PBXFileReference; lastKnownFileType = sourcecode.swift; path = BannersListViewController.swift; sourceTree = "<group>"; };
		6861B217281812B200F80E16 /* BannerListViewCell.swift */ = {isa = PBXFileReference; lastKnownFileType = sourcecode.swift; path = BannerListViewCell.swift; sourceTree = "<group>"; };
		686FE1AF280A9EBF006B2739 /* ApiResponse.swift */ = {isa = PBXFileReference; fileEncoding = 4; lastKnownFileType = sourcecode.swift; path = ApiResponse.swift; sourceTree = "<group>"; };
		686FE1B5280ADE20006B2739 /* WebAPI.swift */ = {isa = PBXFileReference; lastKnownFileType = sourcecode.swift; path = WebAPI.swift; sourceTree = "<group>"; };
		686FE1B7280C276C006B2739 /* HttpMethod.swift */ = {isa = PBXFileReference; fileEncoding = 4; lastKnownFileType = sourcecode.swift; path = HttpMethod.swift; sourceTree = "<group>"; };
		686FE1BB280C27EF006B2739 /* BannerJSON.swift */ = {isa = PBXFileReference; lastKnownFileType = sourcecode.swift; path = BannerJSON.swift; sourceTree = "<group>"; };
		686FE1C1280D8A08006B2739 /* DBsupport.swift */ = {isa = PBXFileReference; lastKnownFileType = sourcecode.swift; path = DBsupport.swift; sourceTree = "<group>"; };
		686FE1C328102E73006B2739 /* BannerViewCell.swift */ = {isa = PBXFileReference; lastKnownFileType = sourcecode.swift; path = BannerViewCell.swift; sourceTree = "<group>"; };
		68C7D2222800493E001292AC /* IvanovIvanTest.app */ = {isa = PBXFileReference; explicitFileType = wrapper.application; includeInIndex = 0; path = IvanovIvanTest.app; sourceTree = BUILT_PRODUCTS_DIR; };
		68C7D2252800493E001292AC /* AppDelegate.swift */ = {isa = PBXFileReference; lastKnownFileType = sourcecode.swift; path = AppDelegate.swift; sourceTree = "<group>"; };
		68C7D2272800493E001292AC /* SceneDelegate.swift */ = {isa = PBXFileReference; lastKnownFileType = sourcecode.swift; path = SceneDelegate.swift; sourceTree = "<group>"; };
		68C7D2292800493E001292AC /* MainViewController.swift */ = {isa = PBXFileReference; lastKnownFileType = sourcecode.swift; path = MainViewController.swift; sourceTree = "<group>"; };
		68C7D22C2800493E001292AC /* Base */ = {isa = PBXFileReference; lastKnownFileType = file.storyboard; name = Base; path = Base.lproj/Main.storyboard; sourceTree = "<group>"; };
		68C7D22F2800493E001292AC /* IvanovIvanTest.xcdatamodel */ = {isa = PBXFileReference; lastKnownFileType = wrapper.xcdatamodel; path = IvanovIvanTest.xcdatamodel; sourceTree = "<group>"; };
		68C7D23128004955001292AC /* Assets.xcassets */ = {isa = PBXFileReference; lastKnownFileType = folder.assetcatalog; path = Assets.xcassets; sourceTree = "<group>"; };
		68C7D23428004955001292AC /* Base */ = {isa = PBXFileReference; lastKnownFileType = file.storyboard; name = Base; path = Base.lproj/LaunchScreen.storyboard; sourceTree = "<group>"; };
		68C7D23628004955001292AC /* Info.plist */ = {isa = PBXFileReference; lastKnownFileType = text.plist.xml; path = Info.plist; sourceTree = "<group>"; };
		68C7D24228004F33001292AC /* ArticleJSON.swift */ = {isa = PBXFileReference; lastKnownFileType = sourcecode.swift; path = ArticleJSON.swift; sourceTree = "<group>"; };
/* End PBXFileReference section */

/* Begin PBXFrameworksBuildPhase section */
		68C7D21F2800493E001292AC /* Frameworks */ = {
			isa = PBXFrameworksBuildPhase;
			buildActionMask = 2147483647;
			files = (
			);
			runOnlyForDeploymentPostprocessing = 0;
		};
/* End PBXFrameworksBuildPhase section */

/* Begin PBXGroup section */
		686FE1B4280ADDCA006B2739 /* WebRequestApi */ = {
			isa = PBXGroup;
			children = (
				686FE1B5280ADE20006B2739 /* WebAPI.swift */,
				686FE1AF280A9EBF006B2739 /* ApiResponse.swift */,
				686FE1B7280C276C006B2739 /* HttpMethod.swift */,
				68C7D24228004F33001292AC /* ArticleJSON.swift */,
				686FE1BB280C27EF006B2739 /* BannerJSON.swift */,
			);
			path = WebRequestApi;
			sourceTree = "<group>";
		};
		68C7D2192800493E001292AC = {
			isa = PBXGroup;
			children = (
				68C7D2242800493E001292AC /* IvanovIvanTest */,
				68C7D2232800493E001292AC /* Products */,
			);
			sourceTree = "<group>";
		};
		68C7D2232800493E001292AC /* Products */ = {
			isa = PBXGroup;
			children = (
				68C7D2222800493E001292AC /* IvanovIvanTest.app */,
			);
			name = Products;
			sourceTree = "<group>";
		};
		68C7D2242800493E001292AC /* IvanovIvanTest */ = {
			isa = PBXGroup;
			children = (
				686FE1B4280ADDCA006B2739 /* WebRequestApi */,
				68C7D22B2800493E001292AC /* Main.storyboard */,
				68C7D23C280049A2001292AC /* DataBaseModel */,
				68C7D23D28004CA4001292AC /* AppDelegates */,
				68C7D23E28004CC9001292AC /* Views */,
				68C7D23128004955001292AC /* Assets.xcassets */,
				68C7D23328004955001292AC /* LaunchScreen.storyboard */,
				68C7D23628004955001292AC /* Info.plist */,
			);
			path = IvanovIvanTest;
			sourceTree = "<group>";
		};
		68C7D23C280049A2001292AC /* DataBaseModel */ = {
			isa = PBXGroup;
			children = (
				68C7D22E2800493E001292AC /* IvanovIvanTest.xcdatamodeld */,
				686FE1C1280D8A08006B2739 /* DBsupport.swift */,
			);
			path = DataBaseModel;
			sourceTree = "<group>";
		};
		68C7D23D28004CA4001292AC /* AppDelegates */ = {
			isa = PBXGroup;
			children = (
				68C7D2252800493E001292AC /* AppDelegate.swift */,
				68C7D2272800493E001292AC /* SceneDelegate.swift */,
			);
			path = AppDelegates;
			sourceTree = "<group>";
		};
		68C7D23E28004CC9001292AC /* Views */ = {
			isa = PBXGroup;
			children = (
				68C7D2292800493E001292AC /* MainViewController.swift */,
				686FE1C328102E73006B2739 /* BannerViewCell.swift */,
				6861B21528180E7400F80E16 /* BannersListViewController.swift */,
				6861B217281812B200F80E16 /* BannerListViewCell.swift */,
			);
			path = Views;
			sourceTree = "<group>";
		};
/* End PBXGroup section */

/* Begin PBXNativeTarget section */
		68C7D2212800493E001292AC /* IvanovIvanTest */ = {
			isa = PBXNativeTarget;
			buildConfigurationList = 68C7D23928004955001292AC /* Build configuration list for PBXNativeTarget "IvanovIvanTest" */;
			buildPhases = (
				68C7D21E2800493E001292AC /* Sources */,
				68C7D21F2800493E001292AC /* Frameworks */,
				68C7D2202800493E001292AC /* Resources */,
			);
			buildRules = (
			);
			dependencies = (
			);
			name = IvanovIvanTest;
			productName = IvanovIvanTest;
			productReference = 68C7D2222800493E001292AC /* IvanovIvanTest.app */;
			productType = "com.apple.product-type.application";
		};
/* End PBXNativeTarget section */

/* Begin PBXProject section */
		68C7D21A2800493E001292AC /* Project object */ = {
			isa = PBXProject;
			attributes = {
				BuildIndependentTargetsInParallel = 1;
				LastSwiftUpdateCheck = 1310;
				LastUpgradeCheck = 1310;
				TargetAttributes = {
					68C7D2212800493E001292AC = {
						CreatedOnToolsVersion = 13.1;
					};
				};
			};
			buildConfigurationList = 68C7D21D2800493E001292AC /* Build configuration list for PBXProject "IvanovIvanTest" */;
			compatibilityVersion = "Xcode 13.0";
			developmentRegion = en;
			hasScannedForEncodings = 0;
			knownRegions = (
				en,
				Base,
			);
			mainGroup = 68C7D2192800493E001292AC;
			productRefGroup = 68C7D2232800493E001292AC /* Products */;
			projectDirPath = "";
			projectRoot = "";
			targets = (
				68C7D2212800493E001292AC /* IvanovIvanTest */,
			);
		};
/* End PBXProject section */

/* Begin PBXResourcesBuildPhase section */
		68C7D2202800493E001292AC /* Resources */ = {
			isa = PBXResourcesBuildPhase;
			buildActionMask = 2147483647;
			files = (
				68C7D23528004955001292AC /* LaunchScreen.storyboard in Resources */,
				68C7D23228004955001292AC /* Assets.xcassets in Resources */,
				68C7D22D2800493E001292AC /* Main.storyboard in Resources */,
			);
			runOnlyForDeploymentPostprocessing = 0;
		};
/* End PBXResourcesBuildPhase section */

/* Begin PBXSourcesBuildPhase section */
		68C7D21E2800493E001292AC /* Sources */ = {
			isa = PBXSourcesBuildPhase;
			buildActionMask = 2147483647;
			files = (
				68C7D2302800493E001292AC /* IvanovIvanTest.xcdatamodeld in Sources */,
				68C7D22A2800493E001292AC /* MainViewController.swift in Sources */,
				686FE1C428102E73006B2739 /* BannerViewCell.swift in Sources */,
				68C7D24328004F33001292AC /* ArticleJSON.swift in Sources */,
				686FE1C2280D8A08006B2739 /* DBsupport.swift in Sources */,
				686FE1B0280A9EBF006B2739 /* ApiResponse.swift in Sources */,
				686FE1B8280C276C006B2739 /* HttpMethod.swift in Sources */,
				6861B218281812B200F80E16 /* BannerListViewCell.swift in Sources */,
				686FE1B6280ADE20006B2739 /* WebAPI.swift in Sources */,
				68C7D2262800493E001292AC /* AppDelegate.swift in Sources */,
				68C7D2282800493E001292AC /* SceneDelegate.swift in Sources */,
				6861B21628180E7400F80E16 /* BannersListViewController.swift in Sources */,
				686FE1BC280C27EF006B2739 /* BannerJSON.swift in Sources */,
			);
			runOnlyForDeploymentPostprocessing = 0;
		};
/* End PBXSourcesBuildPhase section */

/* Begin PBXVariantGroup section */
		68C7D22B2800493E001292AC /* Main.storyboard */ = {
			isa = PBXVariantGroup;
			children = (
				68C7D22C2800493E001292AC /* Base */,
			);
			name = Main.storyboard;
			sourceTree = "<group>";
		};
		68C7D23328004955001292AC /* LaunchScreen.storyboard */ = {
			isa = PBXVariantGroup;
			children = (
				68C7D23428004955001292AC /* Base */,
			);
			name = LaunchScreen.storyboard;
			sourceTree = "<group>";
		};
/* End PBXVariantGroup section */

/* Begin XCBuildConfiguration section */
		68C7D23728004955001292AC /* Debug */ = {
			isa = XCBuildConfiguration;
			buildSettings = {
				ALWAYS_SEARCH_USER_PATHS = NO;
				CLANG_ANALYZER_NONNULL = YES;
				CLANG_ANALYZER_NUMBER_OBJECT_CONVERSION = YES_AGGRESSIVE;
				CLANG_CXX_LANGUAGE_STANDARD = "gnu++17";
				CLANG_CXX_LIBRARY = "libc++";
				CLANG_ENABLE_MODULES = YES;
				CLANG_ENABLE_OBJC_ARC = YES;
				CLANG_ENABLE_OBJC_WEAK = YES;
				CLANG_WARN_BLOCK_CAPTURE_AUTORELEASING = YES;
				CLANG_WARN_BOOL_CONVERSION = YES;
				CLANG_WARN_COMMA = YES;
				CLANG_WARN_CONSTANT_CONVERSION = YES;
				CLANG_WARN_DEPRECATED_OBJC_IMPLEMENTATIONS = YES;
				CLANG_WARN_DIRECT_OBJC_ISA_USAGE = YES_ERROR;
				CLANG_WARN_DOCUMENTATION_COMMENTS = YES;
				CLANG_WARN_EMPTY_BODY = YES;
				CLANG_WARN_ENUM_CONVERSION = YES;
				CLANG_WARN_INFINITE_RECURSION = YES;
				CLANG_WARN_INT_CONVERSION = YES;
				CLANG_WARN_NON_LITERAL_NULL_CONVERSION = YES;
				CLANG_WARN_OBJC_IMPLICIT_RETAIN_SELF = YES;
				CLANG_WARN_OBJC_LITERAL_CONVERSION = YES;
				CLANG_WARN_OBJC_ROOT_CLASS = YES_ERROR;
				CLANG_WARN_QUOTED_INCLUDE_IN_FRAMEWORK_HEADER = YES;
				CLANG_WARN_RANGE_LOOP_ANALYSIS = YES;
				CLANG_WARN_STRICT_PROTOTYPES = YES;
				CLANG_WARN_SUSPICIOUS_MOVE = YES;
				CLANG_WARN_UNGUARDED_AVAILABILITY = YES_AGGRESSIVE;
				CLANG_WARN_UNREACHABLE_CODE = YES;
				CLANG_WARN__DUPLICATE_METHOD_MATCH = YES;
				COPY_PHASE_STRIP = NO;
				DEBUG_INFORMATION_FORMAT = dwarf;
				ENABLE_STRICT_OBJC_MSGSEND = YES;
				ENABLE_TESTABILITY = YES;
				GCC_C_LANGUAGE_STANDARD = gnu11;
				GCC_DYNAMIC_NO_PIC = NO;
				GCC_NO_COMMON_BLOCKS = YES;
				GCC_OPTIMIZATION_LEVEL = 0;
				GCC_PREPROCESSOR_DEFINITIONS = (
					"DEBUG=1",
					"$(inherited)",
				);
				GCC_WARN_64_TO_32_BIT_CONVERSION = YES;
				GCC_WARN_ABOUT_RETURN_TYPE = YES_ERROR;
				GCC_WARN_UNDECLARED_SELECTOR = YES;
				GCC_WARN_UNINITIALIZED_AUTOS = YES_AGGRESSIVE;
				GCC_WARN_UNUSED_FUNCTION = YES;
				GCC_WARN_UNUSED_VARIABLE = YES;
				IPHONEOS_DEPLOYMENT_TARGET = 15.0;
				MTL_ENABLE_DEBUG_INFO = INCLUDE_SOURCE;
				MTL_FAST_MATH = YES;
				ONLY_ACTIVE_ARCH = YES;
				SDKROOT = iphoneos;
				SWIFT_ACTIVE_COMPILATION_CONDITIONS = DEBUG;
				SWIFT_OPTIMIZATION_LEVEL = "-Onone";
			};
			name = Debug;
		};
		68C7D23828004955001292AC /* Release */ = {
			isa = XCBuildConfiguration;
			buildSettings = {
				ALWAYS_SEARCH_USER_PATHS = NO;
				CLANG_ANALYZER_NONNULL = YES;
				CLANG_ANALYZER_NUMBER_OBJECT_CONVERSION = YES_AGGRESSIVE;
				CLANG_CXX_LANGUAGE_STANDARD = "gnu++17";
				CLANG_CXX_LIBRARY = "libc++";
				CLANG_ENABLE_MODULES = YES;
				CLANG_ENABLE_OBJC_ARC = YES;
				CLANG_ENABLE_OBJC_WEAK = YES;
				CLANG_WARN_BLOCK_CAPTURE_AUTORELEASING = YES;
				CLANG_WARN_BOOL_CONVERSION = YES;
				CLANG_WARN_COMMA = YES;
				CLANG_WARN_CONSTANT_CONVERSION = YES;
				CLANG_WARN_DEPRECATED_OBJC_IMPLEMENTATIONS = YES;
				CLANG_WARN_DIRECT_OBJC_ISA_USAGE = YES_ERROR;
				CLANG_WARN_DOCUMENTATION_COMMENTS = YES;
				CLANG_WARN_EMPTY_BODY = YES;
				CLANG_WARN_ENUM_CONVERSION = YES;
				CLANG_WARN_INFINITE_RECURSION = YES;
				CLANG_WARN_INT_CONVERSION = YES;
				CLANG_WARN_NON_LITERAL_NULL_CONVERSION = YES;
				CLANG_WARN_OBJC_IMPLICIT_RETAIN_SELF = YES;
				CLANG_WARN_OBJC_LITERAL_CONVERSION = YES;
				CLANG_WARN_OBJC_ROOT_CLASS = YES_ERROR;
				CLANG_WARN_QUOTED_INCLUDE_IN_FRAMEWORK_HEADER = YES;
				CLANG_WARN_RANGE_LOOP_ANALYSIS = YES;
				CLANG_WARN_STRICT_PROTOTYPES = YES;
				CLANG_WARN_SUSPICIOUS_MOVE = YES;
				CLANG_WARN_UNGUARDED_AVAILABILITY = YES_AGGRESSIVE;
				CLANG_WARN_UNREACHABLE_CODE = YES;
				CLANG_WARN__DUPLICATE_METHOD_MATCH = YES;
				COPY_PHASE_STRIP = NO;
				DEBUG_INFORMATION_FORMAT = "dwarf-with-dsym";
				ENABLE_NS_ASSERTIONS = NO;
				ENABLE_STRICT_OBJC_MSGSEND = YES;
				GCC_C_LANGUAGE_STANDARD = gnu11;
				GCC_NO_COMMON_BLOCKS = YES;
				GCC_WARN_64_TO_32_BIT_CONVERSION = YES;
				GCC_WARN_ABOUT_RETURN_TYPE = YES_ERROR;
				GCC_WARN_UNDECLARED_SELECTOR = YES;
				GCC_WARN_UNINITIALIZED_AUTOS = YES_AGGRESSIVE;
				GCC_WARN_UNUSED_FUNCTION = YES;
				GCC_WARN_UNUSED_VARIABLE = YES;
				IPHONEOS_DEPLOYMENT_TARGET = 15.0;
				MTL_ENABLE_DEBUG_INFO = NO;
				MTL_FAST_MATH = YES;
				SDKROOT = iphoneos;
				SWIFT_COMPILATION_MODE = wholemodule;
				SWIFT_OPTIMIZATION_LEVEL = "-O";
				VALIDATE_PRODUCT = YES;
			};
			name = Release;
		};
		68C7D23A28004955001292AC /* Debug */ = {
			isa = XCBuildConfiguration;
			buildSettings = {
				ASSETCATALOG_COMPILER_APPICON_NAME = AppIcon;
				ASSETCATALOG_COMPILER_GLOBAL_ACCENT_COLOR_NAME = AccentColor;
				CODE_SIGN_STYLE = Automatic;
				CURRENT_PROJECT_VERSION = 1;
				DEVELOPMENT_TEAM = 3ZE6RDM8AN;
				GENERATE_INFOPLIST_FILE = YES;
				INFOPLIST_FILE = IvanovIvanTest/Info.plist;
				INFOPLIST_KEY_UIApplicationSupportsIndirectInputEvents = YES;
				INFOPLIST_KEY_UILaunchStoryboardName = LaunchScreen;
				INFOPLIST_KEY_UIMainStoryboardFile = Main;
				INFOPLIST_KEY_UISupportedInterfaceOrientations_iPad = "UIInterfaceOrientationPortrait UIInterfaceOrientationPortraitUpsideDown UIInterfaceOrientationLandscapeLeft UIInterfaceOrientationLandscapeRight";
				INFOPLIST_KEY_UISupportedInterfaceOrientations_iPhone = "UIInterfaceOrientationPortrait UIInterfaceOrientationLandscapeLeft UIInterfaceOrientationLandscapeRight";
				LD_RUNPATH_SEARCH_PATHS = (
					"$(inherited)",
					"@executable_path/Frameworks",
				);
				MARKETING_VERSION = 1.0;
				PRODUCT_BUNDLE_IDENTIFIER = ru.isoftdv.IvanovIvanTest;
				PRODUCT_NAME = "$(TARGET_NAME)";
				SWIFT_EMIT_LOC_STRINGS = YES;
				SWIFT_VERSION = 5.0;
				TARGETED_DEVICE_FAMILY = "1,2";
			};
			name = Debug;
		};
		68C7D23B28004955001292AC /* Release */ = {
			isa = XCBuildConfiguration;
			buildSettings = {
				ASSETCATALOG_COMPILER_APPICON_NAME = AppIcon;
				ASSETCATALOG_COMPILER_GLOBAL_ACCENT_COLOR_NAME = AccentColor;
				CODE_SIGN_STYLE = Automatic;
				CURRENT_PROJECT_VERSION = 1;
				DEVELOPMENT_TEAM = 3ZE6RDM8AN;
				GENERATE_INFOPLIST_FILE = YES;
				INFOPLIST_FILE = IvanovIvanTest/Info.plist;
				INFOPLIST_KEY_UIApplicationSupportsIndirectInputEvents = YES;
				INFOPLIST_KEY_UILaunchStoryboardName = LaunchScreen;
				INFOPLIST_KEY_UIMainStoryboardFile = Main;
				INFOPLIST_KEY_UISupportedInterfaceOrientations_iPad = "UIInterfaceOrientationPortrait UIInterfaceOrientationPortraitUpsideDown UIInterfaceOrientationLandscapeLeft UIInterfaceOrientationLandscapeRight";
				INFOPLIST_KEY_UISupportedInterfaceOrientations_iPhone = "UIInterfaceOrientationPortrait UIInterfaceOrientationLandscapeLeft UIInterfaceOrientationLandscapeRight";
				LD_RUNPATH_SEARCH_PATHS = (
					"$(inherited)",
					"@executable_path/Frameworks",
				);
				MARKETING_VERSION = 1.0;
				PRODUCT_BUNDLE_IDENTIFIER = ru.isoftdv.IvanovIvanTest;
				PRODUCT_NAME = "$(TARGET_NAME)";
				SWIFT_EMIT_LOC_STRINGS = YES;
				SWIFT_VERSION = 5.0;
				TARGETED_DEVICE_FAMILY = "1,2";
			};
			name = Release;
		};
/* End XCBuildConfiguration section */

/* Begin XCConfigurationList section */
		68C7D21D2800493E001292AC /* Build configuration list for PBXProject "IvanovIvanTest" */ = {
			isa = XCConfigurationList;
			buildConfigurations = (
				68C7D23728004955001292AC /* Debug */,
				68C7D23828004955001292AC /* Release */,
			);
			defaultConfigurationIsVisible = 0;
			defaultConfigurationName = Release;
		};
		68C7D23928004955001292AC /* Build configuration list for PBXNativeTarget "IvanovIvanTest" */ = {
			isa = XCConfigurationList;
			buildConfigurations = (
				68C7D23A28004955001292AC /* Debug */,
				68C7D23B28004955001292AC /* Release */,
			);
			defaultConfigurationIsVisible = 0;
			defaultConfigurationName = Release;
		};
/* End XCConfigurationList section */

/* Begin XCVersionGroup section */
		68C7D22E2800493E001292AC /* IvanovIvanTest.xcdatamodeld */ = {
			isa = XCVersionGroup;
			children = (
				68C7D22F2800493E001292AC /* IvanovIvanTest.xcdatamodel */,
			);
			currentVersion = 68C7D22F2800493E001292AC /* IvanovIvanTest.xcdatamodel */;
			path = IvanovIvanTest.xcdatamodeld;
			sourceTree = "<group>";
			versionGroupType = wrapper.xcdatamodel;
		};
/* End XCVersionGroup section */
	};
	rootObject = 68C7D21A2800493E001292AC /* Project object */;
}
